
Microsoft Visual Studio Solution File, Format Version 12.00
# Visual Studio 15
VisualStudioVersion = 15.0.27703.2047
MinimumVisualStudioVersion = 10.0.40219.1
Project("{FAE04EC0-301F-11D3-BF4B-00C04F79EFBC}") = "ViewModels", "ViewModels\ViewModels.csproj", "{8A3C4975-FEFD-4B7F-9823-288873985EAA}"
EndProject
Project("{FAE04EC0-301F-11D3-BF4B-00C04F79EFBC}") = "AlgorithmTests", "AlgorithmTests\AlgorithmTests.csproj", "{6302E9F3-85F0-4073-974F-96C113CB4A60}"
EndProject
Project("{FAE04EC0-301F-11D3-BF4B-00C04F79EFBC}") = "Models", "Models\Models.csproj", "{8EDFEEB1-7C99-454C-ACA0-EB333978DD3B}"
EndProject
Project("{FAE04EC0-301F-11D3-BF4B-00C04F79EFBC}") = "AlgoVisionGUI", "AlgoVisionGUI\AlgoVisionGUI.csproj", "{A534BED5-5318-42A3-AA8A-73319652C5B7}"
EndProject
Global
	GlobalSection(SolutionConfigurationPlatforms) = preSolution
		Debug|Any CPU = Debug|Any CPU
		Release|Any CPU = Release|Any CPU
	EndGlobalSection
	GlobalSection(ProjectConfigurationPlatforms) = postSolution
		{8A3C4975-FEFD-4B7F-9823-288873985EAA}.Debug|Any CPU.ActiveCfg = Debug|Any CPU
		{8A3C4975-FEFD-4B7F-9823-288873985EAA}.Debug|Any CPU.Build.0 = Debug|Any CPU
		{8A3C4975-FEFD-4B7F-9823-288873985EAA}.Release|Any CPU.ActiveCfg = Release|Any CPU
		{8A3C4975-FEFD-4B7F-9823-288873985EAA}.Release|Any CPU.Build.0 = Release|Any CPU
		{6302E9F3-85F0-4073-974F-96C113CB4A60}.Debug|Any CPU.ActiveCfg = Debug|Any CPU
		{6302E9F3-85F0-4073-974F-96C113CB4A60}.Debug|Any CPU.Build.0 = Debug|Any CPU
		{6302E9F3-85F0-4073-974F-96C113CB4A60}.Release|Any CPU.ActiveCfg = Release|Any CPU
		{6302E9F3-85F0-4073-974F-96C113CB4A60}.Release|Any CPU.Build.0 = Release|Any CPU
		{8EDFEEB1-7C99-454C-ACA0-EB333978DD3B}.Debug|Any CPU.ActiveCfg = Debug|Any CPU
		{8EDFEEB1-7C99-454C-ACA0-EB333978DD3B}.Debug|Any CPU.Build.0 = Debug|Any CPU
		{8EDFEEB1-7C99-454C-ACA0-EB333978DD3B}.Release|Any CPU.ActiveCfg = Release|Any CPU
		{8EDFEEB1-7C99-454C-ACA0-EB333978DD3B}.Release|Any CPU.Build.0 = Release|Any CPU
		{A534BED5-5318-42A3-AA8A-73319652C5B7}.Debug|Any CPU.ActiveCfg = Debug|Any CPU
		{A534BED5-5318-42A3-AA8A-73319652C5B7}.Debug|Any CPU.Build.0 = Debug|Any CPU
		{A534BED5-5318-42A3-AA8A-73319652C5B7}.Release|Any CPU.ActiveCfg = Release|Any CPU
		{A534BED5-5318-42A3-AA8A-73319652C5B7}.Release|Any CPU.Build.0 = Release|Any CPU
	EndGlobalSection
	GlobalSection(SolutionProperties) = preSolution
		HideSolutionNode = FALSE
	EndGlobalSection
	GlobalSection(ExtensibilityGlobals) = postSolution
		SolutionGuid = {6B3CF7E5-586F-4284-ACD3-7ADB2FCA8500}
	EndGlobalSection
EndGlobal
